// !$*UTF8*$!
{
	archiveVersion = 1;
	classes = {
	};
	objectVersion = 46;
	objects = {

/* Begin PBXBuildFile section */
		CA0901761B3C1FB000FEF8FC /* main.cpp in Sources */ = {isa = PBXBuildFile; fileRef = CA0901751B3C1FB000FEF8FC /* main.cpp */; };
		CAAC233D1B3C22DA0095933B /* libopencv_calib3d.2.4.9.dylib in Frameworks */ = {isa = PBXBuildFile; fileRef = CAAC232B1B3C22DA0095933B /* libopencv_calib3d.2.4.9.dylib */; };
		CAAC233E1B3C22DA0095933B /* libopencv_contrib.2.4.9.dylib in Frameworks */ = {isa = PBXBuildFile; fileRef = CAAC232C1B3C22DA0095933B /* libopencv_contrib.2.4.9.dylib */; };
		CAAC233F1B3C22DA0095933B /* libopencv_core.2.4.9.dylib in Frameworks */ = {isa = PBXBuildFile; fileRef = CAAC232D1B3C22DA0095933B /* libopencv_core.2.4.9.dylib */; };
		CAAC23401B3C22DA0095933B /* libopencv_features2d.2.4.9.dylib in Frameworks */ = {isa = PBXBuildFile; fileRef = CAAC232E1B3C22DA0095933B /* libopencv_features2d.2.4.9.dylib */; };
		CAAC23411B3C22DA0095933B /* libopencv_flann.2.4.9.dylib in Frameworks */ = {isa = PBXBuildFile; fileRef = CAAC232F1B3C22DA0095933B /* libopencv_flann.2.4.9.dylib */; };
		CAAC23421B3C22DA0095933B /* libopencv_gpu.2.4.9.dylib in Frameworks */ = {isa = PBXBuildFile; fileRef = CAAC23301B3C22DA0095933B /* libopencv_gpu.2.4.9.dylib */; };
		CAAC23431B3C22DA0095933B /* libopencv_highgui.2.4.9.dylib in Frameworks */ = {isa = PBXBuildFile; fileRef = CAAC23311B3C22DA0095933B /* libopencv_highgui.2.4.9.dylib */; };
		CAAC23441B3C22DA0095933B /* libopencv_imgproc.2.4.9.dylib in Frameworks */ = {isa = PBXBuildFile; fileRef = CAAC23321B3C22DA0095933B /* libopencv_imgproc.2.4.9.dylib */; };
		CAAC23451B3C22DA0095933B /* libopencv_legacy.2.4.9.dylib in Frameworks */ = {isa = PBXBuildFile; fileRef = CAAC23331B3C22DA0095933B /* libopencv_legacy.2.4.9.dylib */; };
		CAAC23461B3C22DA0095933B /* libopencv_ml.2.4.9.dylib in Frameworks */ = {isa = PBXBuildFile; fileRef = CAAC23341B3C22DA0095933B /* libopencv_ml.2.4.9.dylib */; };
		CAAC23481B3C22DA0095933B /* libopencv_objdetect.2.4.9.dylib in Frameworks */ = {isa = PBXBuildFile; fileRef = CAAC23361B3C22DA0095933B /* libopencv_objdetect.2.4.9.dylib */; };
		CAAC23491B3C22DA0095933B /* libopencv_ocl.2.4.9.dylib in Frameworks */ = {isa = PBXBuildFile; fileRef = CAAC23371B3C22DA0095933B /* libopencv_ocl.2.4.9.dylib */; };
		CAAC234A1B3C22DA0095933B /* libopencv_photo.2.4.9.dylib in Frameworks */ = {isa = PBXBuildFile; fileRef = CAAC23381B3C22DA0095933B /* libopencv_photo.2.4.9.dylib */; };
		CAAC234B1B3C22DA0095933B /* libopencv_stitching.2.4.9.dylib in Frameworks */ = {isa = PBXBuildFile; fileRef = CAAC23391B3C22DA0095933B /* libopencv_stitching.2.4.9.dylib */; };
		CAAC234C1B3C22DA0095933B /* libopencv_superres.2.4.9.dylib in Frameworks */ = {isa = PBXBuildFile; fileRef = CAAC233A1B3C22DA0095933B /* libopencv_superres.2.4.9.dylib */; };
		CAAC234D1B3C22DA0095933B /* libopencv_video.2.4.9.dylib in Frameworks */ = {isa = PBXBuildFile; fileRef = CAAC233B1B3C22DA0095933B /* libopencv_video.2.4.9.dylib */; };
		CAAC234E1B3C22DA0095933B /* libopencv_videostab.2.4.9.dylib in Frameworks */ = {isa = PBXBuildFile; fileRef = CAAC233C1B3C22DA0095933B /* libopencv_videostab.2.4.9.dylib */; };
/* End PBXBuildFile section */

/* Begin PBXCopyFilesBuildPhase section */
		CA0901701B3C1FB000FEF8FC /* CopyFiles */ = {
			isa = PBXCopyFilesBuildPhase;
			buildActionMask = 2147483647;
			dstPath = /usr/share/man/man1/;
			dstSubfolderSpec = 0;
			files = (
			);
			runOnlyForDeploymentPostprocessing = 1;
		};
/* End PBXCopyFilesBuildPhase section */

/* Begin PBXFileReference section */
		CA0901721B3C1FB000FEF8FC /* raytracing */ = {isa = PBXFileReference; explicitFileType = "compiled.mach-o.executable"; includeInIndex = 0; path = raytracing; sourceTree = BUILT_PRODUCTS_DIR; };
		CA0901751B3C1FB000FEF8FC /* main.cpp */ = {isa = PBXFileReference; lastKnownFileType = sourcecode.cpp.cpp; path = main.cpp; sourceTree = "<group>"; };
		CAAC232B1B3C22DA0095933B /* libopencv_calib3d.2.4.9.dylib */ = {isa = PBXFileReference; lastKnownFileType = "compiled.mach-o.dylib"; name = libopencv_calib3d.2.4.9.dylib; path = ../../../../usr/local/lib/libopencv_calib3d.2.4.9.dylib; sourceTree = "<group>"; };
		CAAC232C1B3C22DA0095933B /* libopencv_contrib.2.4.9.dylib */ = {isa = PBXFileReference; lastKnownFileType = "compiled.mach-o.dylib"; name = libopencv_contrib.2.4.9.dylib; path = ../../../../usr/local/lib/libopencv_contrib.2.4.9.dylib; sourceTree = "<group>"; };
		CAAC232D1B3C22DA0095933B /* libopencv_core.2.4.9.dylib */ = {isa = PBXFileReference; lastKnownFileType = "compiled.mach-o.dylib"; name = libopencv_core.2.4.9.dylib; path = ../../../../usr/local/lib/libopencv_core.2.4.9.dylib; sourceTree = "<group>"; };
		CAAC232E1B3C22DA0095933B /* libopencv_features2d.2.4.9.dylib */ = {isa = PBXFileReference; lastKnownFileType = "compiled.mach-o.dylib"; name = libopencv_features2d.2.4.9.dylib; path = ../../../../usr/local/lib/libopencv_features2d.2.4.9.dylib; sourceTree = "<group>"; };
		CAAC232F1B3C22DA0095933B /* libopencv_flann.2.4.9.dylib */ = {isa = PBXFileReference; lastKnownFileType = "compiled.mach-o.dylib"; name = libopencv_flann.2.4.9.dylib; path = ../../../../usr/local/lib/libopencv_flann.2.4.9.dylib; sourceTree = "<group>"; };
		CAAC23301B3C22DA0095933B /* libopencv_gpu.2.4.9.dylib */ = {isa = PBXFileReference; lastKnownFileType = "compiled.mach-o.dylib"; name = libopencv_gpu.2.4.9.dylib; path = ../../../../usr/local/lib/libopencv_gpu.2.4.9.dylib; sourceTree = "<group>"; };
		CAAC23311B3C22DA0095933B /* libopencv_highgui.2.4.9.dylib */ = {isa = PBXFileReference; lastKnownFileType = "compiled.mach-o.dylib"; name = libopencv_highgui.2.4.9.dylib; path = ../../../../usr/local/lib/libopencv_highgui.2.4.9.dylib; sourceTree = "<group>"; };
		CAAC23321B3C22DA0095933B /* libopencv_imgproc.2.4.9.dylib */ = {isa = PBXFileReference; lastKnownFileType = "compiled.mach-o.dylib"; name = libopencv_imgproc.2.4.9.dylib; path = ../../../../usr/local/lib/libopencv_imgproc.2.4.9.dylib; sourceTree = "<group>"; };
		CAAC23331B3C22DA0095933B /* libopencv_legacy.2.4.9.dylib */ = {isa = PBXFileReference; lastKnownFileType = "compiled.mach-o.dylib"; name = libopencv_legacy.2.4.9.dylib; path = ../../../../usr/local/lib/libopencv_legacy.2.4.9.dylib; sourceTree = "<group>"; };
		CAAC23341B3C22DA0095933B /* libopencv_ml.2.4.9.dylib */ = {isa = PBXFileReference; lastKnownFileType = "compiled.mach-o.dylib"; name = libopencv_ml.2.4.9.dylib; path = ../../../../usr/local/lib/libopencv_ml.2.4.9.dylib; sourceTree = "<group>"; };
		CAAC23361B3C22DA0095933B /* libopencv_objdetect.2.4.9.dylib */ = {isa = PBXFileReference; lastKnownFileType = "compiled.mach-o.dylib"; name = libopencv_objdetect.2.4.9.dylib; path = ../../../../usr/local/lib/libopencv_objdetect.2.4.9.dylib; sourceTree = "<group>"; };
		CAAC23371B3C22DA0095933B /* libopencv_ocl.2.4.9.dylib */ = {isa = PBXFileReference; lastKnownFileType = "compiled.mach-o.dylib"; name = libopencv_ocl.2.4.9.dylib; path = ../../../../usr/local/lib/libopencv_ocl.2.4.9.dylib; sourceTree = "<group>"; };
		CAAC23381B3C22DA0095933B /* libopencv_photo.2.4.9.dylib */ = {isa = PBXFileReference; lastKnownFileType = "compiled.mach-o.dylib"; name = libopencv_photo.2.4.9.dylib; path = ../../../../usr/local/lib/libopencv_photo.2.4.9.dylib; sourceTree = "<group>"; };
		CAAC23391B3C22DA0095933B /* libopencv_stitching.2.4.9.dylib */ = {isa = PBXFileReference; lastKnownFileType = "compiled.mach-o.dylib"; name = libopencv_stitching.2.4.9.dylib; path = ../../../../usr/local/lib/libopencv_stitching.2.4.9.dylib; sourceTree = "<group>"; };
		CAAC233A1B3C22DA0095933B /* libopencv_superres.2.4.9.dylib */ = {isa = PBXFileReference; lastKnownFileType = "compiled.mach-o.dylib"; name = libopencv_superres.2.4.9.dylib; path = ../../../../usr/local/lib/libopencv_superres.2.4.9.dylib; sourceTree = "<group>"; };
		CAAC233B1B3C22DA0095933B /* libopencv_video.2.4.9.dylib */ = {isa = PBXFileReference; lastKnownFileType = "compiled.mach-o.dylib"; name = libopencv_video.2.4.9.dylib; path = ../../../../usr/local/lib/libopencv_video.2.4.9.dylib; sourceTree = "<group>"; };
		CAAC233C1B3C22DA0095933B /* libopencv_videostab.2.4.9.dylib */ = {isa = PBXFileReference; lastKnownFileType = "compiled.mach-o.dylib"; name = libopencv_videostab.2.4.9.dylib; path = ../../../../usr/local/lib/libopencv_videostab.2.4.9.dylib; sourceTree = "<group>"; };
/* End PBXFileReference section */

/* Begin PBXFrameworksBuildPhase section */
		CA09016F1B3C1FB000FEF8FC /* Frameworks */ = {
			isa = PBXFrameworksBuildPhase;
			buildActionMask = 2147483647;
			files = (
				CAAC233F1B3C22DA0095933B /* libopencv_core.2.4.9.dylib in Frameworks */,
				CAAC234D1B3C22DA0095933B /* libopencv_video.2.4.9.dylib in Frameworks */,
				CAAC23431B3C22DA0095933B /* libopencv_highgui.2.4.9.dylib in Frameworks */,
				CAAC234C1B3C22DA0095933B /* libopencv_superres.2.4.9.dylib in Frameworks */,
				CAAC23481B3C22DA0095933B /* libopencv_objdetect.2.4.9.dylib in Frameworks */,
				CAAC23451B3C22DA0095933B /* libopencv_legacy.2.4.9.dylib in Frameworks */,
				CAAC23441B3C22DA0095933B /* libopencv_imgproc.2.4.9.dylib in Frameworks */,
				CAAC23491B3C22DA0095933B /* libopencv_ocl.2.4.9.dylib in Frameworks */,
				CAAC23421B3C22DA0095933B /* libopencv_gpu.2.4.9.dylib in Frameworks */,
				CAAC233E1B3C22DA0095933B /* libopencv_contrib.2.4.9.dylib in Frameworks */,
				CAAC234B1B3C22DA0095933B /* libopencv_stitching.2.4.9.dylib in Frameworks */,
				CAAC234E1B3C22DA0095933B /* libopencv_videostab.2.4.9.dylib in Frameworks */,
				CAAC23401B3C22DA0095933B /* libopencv_features2d.2.4.9.dylib in Frameworks */,
				CAAC23461B3C22DA0095933B /* libopencv_ml.2.4.9.dylib in Frameworks */,
				CAAC233D1B3C22DA0095933B /* libopencv_calib3d.2.4.9.dylib in Frameworks */,
				CAAC23411B3C22DA0095933B /* libopencv_flann.2.4.9.dylib in Frameworks */,
				CAAC234A1B3C22DA0095933B /* libopencv_photo.2.4.9.dylib in Frameworks */,
			);
			runOnlyForDeploymentPostprocessing = 0;
		};
/* End PBXFrameworksBuildPhase section */

/* Begin PBXGroup section */
		CA0901691B3C1FB000FEF8FC = {
			isa = PBXGroup;
			children = (
				CAAC23061B3C21D00095933B /* libopencv */,
				CA0901741B3C1FB000FEF8FC /* raytracing */,
				CA0901731B3C1FB000FEF8FC /* Products */,
			);
			sourceTree = "<group>";
		};
		CA0901731B3C1FB000FEF8FC /* Products */ = {
			isa = PBXGroup;
			children = (
				CA0901721B3C1FB000FEF8FC /* raytracing */,
			);
			name = Products;
			sourceTree = "<group>";
		};
		CA0901741B3C1FB000FEF8FC /* raytracing */ = {
			isa = PBXGroup;
			children = (
				CA0901751B3C1FB000FEF8FC /* main.cpp */,
			);
			path = raytracing;
			sourceTree = "<group>";
		};
		CAAC23061B3C21D00095933B /* libopencv */ = {
			isa = PBXGroup;
			children = (
				CAAC232B1B3C22DA0095933B /* libopencv_calib3d.2.4.9.dylib */,
				CAAC232C1B3C22DA0095933B /* libopencv_contrib.2.4.9.dylib */,
				CAAC232D1B3C22DA0095933B /* libopencv_core.2.4.9.dylib */,
				CAAC232E1B3C22DA0095933B /* libopencv_features2d.2.4.9.dylib */,
				CAAC232F1B3C22DA0095933B /* libopencv_flann.2.4.9.dylib */,
				CAAC23301B3C22DA0095933B /* libopencv_gpu.2.4.9.dylib */,
				CAAC23311B3C22DA0095933B /* libopencv_highgui.2.4.9.dylib */,
				CAAC23321B3C22DA0095933B /* libopencv_imgproc.2.4.9.dylib */,
				CAAC23331B3C22DA0095933B /* libopencv_legacy.2.4.9.dylib */,
				CAAC23341B3C22DA0095933B /* libopencv_ml.2.4.9.dylib */,
				CAAC23361B3C22DA0095933B /* libopencv_objdetect.2.4.9.dylib */,
				CAAC23371B3C22DA0095933B /* libopencv_ocl.2.4.9.dylib */,
				CAAC23381B3C22DA0095933B /* libopencv_photo.2.4.9.dylib */,
				CAAC23391B3C22DA0095933B /* libopencv_stitching.2.4.9.dylib */,
				CAAC233A1B3C22DA0095933B /* libopencv_superres.2.4.9.dylib */,
				CAAC233B1B3C22DA0095933B /* libopencv_video.2.4.9.dylib */,
				CAAC233C1B3C22DA0095933B /* libopencv_videostab.2.4.9.dylib */,
			);
			name = libopencv;
			sourceTree = "<group>";
		};
/* End PBXGroup section */

/* Begin PBXNativeTarget section */
		CA0901711B3C1FB000FEF8FC /* raytracing */ = {
			isa = PBXNativeTarget;
			buildConfigurationList = CA0901791B3C1FB000FEF8FC /* Build configuration list for PBXNativeTarget "raytracing" */;
			buildPhases = (
				CA09016E1B3C1FB000FEF8FC /* Sources */,
				CA09016F1B3C1FB000FEF8FC /* Frameworks */,
				CA0901701B3C1FB000FEF8FC /* CopyFiles */,
			);
			buildRules = (
			);
			dependencies = (
			);
			name = raytracing;
			productName = raytracing;
			productReference = CA0901721B3C1FB000FEF8FC /* raytracing */;
			productType = "com.apple.product-type.tool";
		};
/* End PBXNativeTarget section */

/* Begin PBXProject section */
		CA09016A1B3C1FB000FEF8FC /* Project object */ = {
			isa = PBXProject;
			attributes = {
				LastUpgradeCheck = 0620;
				ORGANIZATIONNAME = "Claude Q.";
				TargetAttributes = {
					CA0901711B3C1FB000FEF8FC = {
						CreatedOnToolsVersion = 6.2;
					};
				};
			};
			buildConfigurationList = CA09016D1B3C1FB000FEF8FC /* Build configuration list for PBXProject "raytracing" */;
			compatibilityVersion = "Xcode 3.2";
			developmentRegion = English;
			hasScannedForEncodings = 0;
			knownRegions = (
				en,
			);
			mainGroup = CA0901691B3C1FB000FEF8FC;
			productRefGroup = CA0901731B3C1FB000FEF8FC /* Products */;
			projectDirPath = "";
			projectRoot = "";
			targets = (
				CA0901711B3C1FB000FEF8FC /* raytracing */,
			);
		};
/* End PBXProject section */

/* Begin PBXSourcesBuildPhase section */
		CA09016E1B3C1FB000FEF8FC /* Sources */ = {
			isa = PBXSourcesBuildPhase;
			buildActionMask = 2147483647;
			files = (
				CA0901761B3C1FB000FEF8FC /* main.cpp in Sources */,
			);
			runOnlyForDeploymentPostprocessing = 0;
		};
/* End PBXSourcesBuildPhase section */

/* Begin XCBuildConfiguration section */
		CA0901771B3C1FB000FEF8FC /* Debug */ = {
			isa = XCBuildConfiguration;
			buildSettings = {
				ALWAYS_SEARCH_USER_PATHS = NO;
				CLANG_CXX_LANGUAGE_STANDARD = "gnu++0x";
				CLANG_CXX_LIBRARY = "libc++";
				CLANG_ENABLE_MODULES = YES;
				CLANG_ENABLE_OBJC_ARC = YES;
				CLANG_WARN_BOOL_CONVERSION = YES;
				CLANG_WARN_CONSTANT_CONVERSION = YES;
				CLANG_WARN_DIRECT_OBJC_ISA_USAGE = YES_ERROR;
				CLANG_WARN_EMPTY_BODY = YES;
				CLANG_WARN_ENUM_CONVERSION = YES;
				CLANG_WARN_INT_CONVERSION = YES;
				CLANG_WARN_OBJC_ROOT_CLASS = YES_ERROR;
				CLANG_WARN_UNREACHABLE_CODE = YES;
				CLANG_WARN__DUPLICATE_METHOD_MATCH = YES;
				COPY_PHASE_STRIP = NO;
				ENABLE_STRICT_OBJC_MSGSEND = YES;
				GCC_C_LANGUAGE_STANDARD = gnu99;
				GCC_DYNAMIC_NO_PIC = NO;
				GCC_OPTIMIZATION_LEVEL = 0;
				GCC_PREPROCESSOR_DEFINITIONS = (
					"DEBUG=1",
					"$(inherited)",
				);
				GCC_SYMBOLS_PRIVATE_EXTERN = NO;
				GCC_WARN_64_TO_32_BIT_CONVERSION = YES;
				GCC_WARN_ABOUT_RETURN_TYPE = YES_ERROR;
				GCC_WARN_UNDECLARED_SELECTOR = YES;
				GCC_WARN_UNINITIALIZED_AUTOS = YES_AGGRESSIVE;
				GCC_WARN_UNUSED_FUNCTION = YES;
				GCC_WARN_UNUSED_VARIABLE = YES;
				MACOSX_DEPLOYMENT_TARGET = 10.9;
				MTL_ENABLE_DEBUG_INFO = YES;
				ONLY_ACTIVE_ARCH = YES;
				SDKROOT = macosx;
			};
			name = Debug;
		};
		CA0901781B3C1FB000FEF8FC /* Release */ = {
			isa = XCBuildConfiguration;
			buildSettings = {
				ALWAYS_SEARCH_USER_PATHS = NO;
				CLANG_CXX_LANGUAGE_STANDARD = "gnu++0x";
				CLANG_CXX_LIBRARY = "libc++";
				CLANG_ENABLE_MODULES = YES;
				CLANG_ENABLE_OBJC_ARC = YES;
				CLANG_WARN_BOOL_CONVERSION = YES;
				CLANG_WARN_CONSTANT_CONVERSION = YES;
				CLANG_WARN_DIRECT_OBJC_ISA_USAGE = YES_ERROR;
				CLANG_WARN_EMPTY_BODY = YES;
				CLANG_WARN_ENUM_CONVERSION = YES;
				CLANG_WARN_INT_CONVERSION = YES;
				CLANG_WARN_OBJC_ROOT_CLASS = YES_ERROR;
				CLANG_WARN_UNREACHABLE_CODE = YES;
				CLANG_WARN__DUPLICATE_METHOD_MATCH = YES;
				COPY_PHASE_STRIP = NO;
				DEBUG_INFORMATION_FORMAT = "dwarf-with-dsym";
				ENABLE_NS_ASSERTIONS = NO;
				ENABLE_STRICT_OBJC_MSGSEND = YES;
				GCC_C_LANGUAGE_STANDARD = gnu99;
				GCC_WARN_64_TO_32_BIT_CONVERSION = YES;
				GCC_WARN_ABOUT_RETURN_TYPE = YES_ERROR;
				GCC_WARN_UNDECLARED_SELECTOR = YES;
				GCC_WARN_UNINITIALIZED_AUTOS = YES_AGGRESSIVE;
				GCC_WARN_UNUSED_FUNCTION = YES;
				GCC_WARN_UNUSED_VARIABLE = YES;
				MACOSX_DEPLOYMENT_TARGET = 10.9;
				MTL_ENABLE_DEBUG_INFO = NO;
				SDKROOT = macosx;
			};
			name = Release;
		};
		CA09017A1B3C1FB000FEF8FC /* Debug */ = {
			isa = XCBuildConfiguration;
			buildSettings = {
				LIBRARY_SEARCH_PATHS = /usr/local/lib/;
				PRODUCT_NAME = "$(TARGET_NAME)";
			};
			name = Debug;
		};
		CA09017B1B3C1FB000FEF8FC /* Release */ = {
			isa = XCBuildConfiguration;
			buildSettings = {
				LIBRARY_SEARCH_PATHS = /usr/local/lib/;
				PRODUCT_NAME = "$(TARGET_NAME)";
			};
			name = Release;
		};
/* End XCBuildConfiguration section */

/* Begin XCConfigurationList section */
		CA09016D1B3C1FB000FEF8FC /* Build configuration list for PBXProject "raytracing" */ = {
			isa = XCConfigurationList;
			buildConfigurations = (
				CA0901771B3C1FB000FEF8FC /* Debug */,
				CA0901781B3C1FB000FEF8FC /* Release */,
			);
			defaultConfigurationIsVisible = 0;
			defaultConfigurationName = Release;
		};
		CA0901791B3C1FB000FEF8FC /* Build configuration list for PBXNativeTarget "raytracing" */ = {
			isa = XCConfigurationList;
			buildConfigurations = (
				CA09017A1B3C1FB000FEF8FC /* Debug */,
				CA09017B1B3C1FB000FEF8FC /* Release */,
			);
			defaultConfigurationIsVisible = 0;
			defaultConfigurationName = Release;
		};
/* End XCConfigurationList section */
	};
	rootObject = CA09016A1B3C1FB000FEF8FC /* Project object */;
}
